
Microsoft Visual Studio Solution File, Format Version 11.00
# Visual Studio 2010
Project("{FAE04EC0-301F-11D3-BF4B-00C04F79EFBC}") = "MT.GeradorDeCaracteres", "MT.GeradorDeCaracteres.csproj", "{0000D548-5AEF-43FB-8C2E-EBA66354ABD6}"
EndProject
Project("{FAE04EC0-301F-11D3-BF4B-00C04F79EFBC}") = "MT.GeradorDeCaracteres.Geracao", "MT.GeradorDeCaracteres.Geracao\MT.GeradorDeCaracteres.Geracao.csproj", "{AEF4D32A-CB22-480B-9606-4FC80C6D373B}"
EndProject
Global
	GlobalSection(SolutionConfigurationPlatforms) = preSolution
		Debug|Any CPU = Debug|Any CPU
		Debug|Mixed Platforms = Debug|Mixed Platforms
		Debug|x86 = Debug|x86
		Release|Any CPU = Release|Any CPU
		Release|Mixed Platforms = Release|Mixed Platforms
		Release|x86 = Release|x86
	EndGlobalSection
	GlobalSection(ProjectConfigurationPlatforms) = postSolution
		{0000D548-5AEF-43FB-8C2E-EBA66354ABD6}.Debug|Any CPU.ActiveCfg = Debug|x86
		{0000D548-5AEF-43FB-8C2E-EBA66354ABD6}.Debug|Mixed Platforms.ActiveCfg = Debug|x86
		{0000D548-5AEF-43FB-8C2E-EBA66354ABD6}.Debug|Mixed Platforms.Build.0 = Debug|x86
		{0000D548-5AEF-43FB-8C2E-EBA66354ABD6}.Debug|x86.ActiveCfg = Debug|x86
		{0000D548-5AEF-43FB-8C2E-EBA66354ABD6}.Debug|x86.Build.0 = Debug|x86
		{0000D548-5AEF-43FB-8C2E-EBA66354ABD6}.Release|Any CPU.ActiveCfg = Release|x86
		{0000D548-5AEF-43FB-8C2E-EBA66354ABD6}.Release|Mixed Platforms.ActiveCfg = Release|x86
		{0000D548-5AEF-43FB-8C2E-EBA66354ABD6}.Release|Mixed Platforms.Build.0 = Release|x86
		{0000D548-5AEF-43FB-8C2E-EBA66354ABD6}.Release|x86.ActiveCfg = Release|x86
		{0000D548-5AEF-43FB-8C2E-EBA66354ABD6}.Release|x86.Build.0 = Release|x86
		{AEF4D32A-CB22-480B-9606-4FC80C6D373B}.Debug|Any CPU.ActiveCfg = Debug|Any CPU
		{AEF4D32A-CB22-480B-9606-4FC80C6D373B}.Debug|Any CPU.Build.0 = Debug|Any CPU
		{AEF4D32A-CB22-480B-9606-4FC80C6D373B}.Debug|Mixed Platforms.ActiveCfg = Debug|Any CPU
		{AEF4D32A-CB22-480B-9606-4FC80C6D373B}.Debug|Mixed Platforms.Build.0 = Debug|Any CPU
		{AEF4D32A-CB22-480B-9606-4FC80C6D373B}.Debug|x86.ActiveCfg = Debug|Any CPU
		{AEF4D32A-CB22-480B-9606-4FC80C6D373B}.Release|Any CPU.ActiveCfg = Release|Any CPU
		{AEF4D32A-CB22-480B-9606-4FC80C6D373B}.Release|Any CPU.Build.0 = Release|Any CPU
		{AEF4D32A-CB22-480B-9606-4FC80C6D373B}.Release|Mixed Platforms.ActiveCfg = Release|Any CPU
		{AEF4D32A-CB22-480B-9606-4FC80C6D373B}.Release|Mixed Platforms.Build.0 = Release|Any CPU
		{AEF4D32A-CB22-480B-9606-4FC80C6D373B}.Release|x86.ActiveCfg = Release|Any CPU
	EndGlobalSection
	GlobalSection(SolutionProperties) = preSolution
		HideSolutionNode = FALSE
	EndGlobalSection
EndGlobal
